
Microsoft Visual Studio Solution File, Format Version 12.00
# Visual Studio Version 16
VisualStudioVersion = 25.0.1705.5
MinimumVisualStudioVersion = 10.0.40219.1
Project("{FAE04EC0-301F-11D3-BF4B-00C04F79EFBC}") = "Taskerapi", "Taskerapi\Taskerapi.csproj", "{5A799391-DC14-4B4C-9004-0DFC3E57F5C8}"
EndProject
Global
	GlobalSection(SolutionConfigurationPlatforms) = preSolution
		Debug|Any CPU = Debug|Any CPU
		Release|Any CPU = Release|Any CPU
	EndGlobalSection
	GlobalSection(ProjectConfigurationPlatforms) = postSolution
		{5A799391-DC14-4B4C-9004-0DFC3E57F5C8}.Debug|Any CPU.ActiveCfg = Debug|Any CPU
		{5A799391-DC14-4B4C-9004-0DFC3E57F5C8}.Debug|Any CPU.Build.0 = Debug|Any CPU
		{5A799391-DC14-4B4C-9004-0DFC3E57F5C8}.Release|Any CPU.ActiveCfg = Release|Any CPU
		{5A799391-DC14-4B4C-9004-0DFC3E57F5C8}.Release|Any CPU.Build.0 = Release|Any CPU
	EndGlobalSection
	GlobalSection(SolutionProperties) = preSolution
		HideSolutionNode = FALSE
	EndGlobalSection
	GlobalSection(ExtensibilityGlobals) = postSolution
		SolutionGuid = {F574D40C-7A7F-4732-85B4-5300987EF561}
	EndGlobalSection
EndGlobal
